
Microsoft Visual Studio Solution File, Format Version 12.00
# Visual Studio Version 17
VisualStudioVersion = 17.8.34330.188
MinimumVisualStudioVersion = 10.0.40219.1
Project("{9A19103F-16F7-4668-BE54-9A1E7A4F7556}") = "Parser", "Parser.csproj", "{8100FB98-B0F0-4A35-B7A6-806330E4D192}"
EndProject
Project("{9A19103F-16F7-4668-BE54-9A1E7A4F7556}") = "Core", "..\Core\Core.csproj", "{9BAA0A5E-2AE3-4186-A0F2-1F1C87BD9D10}"
EndProject
Global
	GlobalSection(SolutionConfigurationPlatforms) = preSolution
		Debug|Any CPU = Debug|Any CPU
		Release|Any CPU = Release|Any CPU
	EndGlobalSection
	GlobalSection(ProjectConfigurationPlatforms) = postSolution
		{8100FB98-B0F0-4A35-B7A6-806330E4D192}.Debug|Any CPU.ActiveCfg = Debug|Any CPU
		{8100FB98-B0F0-4A35-B7A6-806330E4D192}.Debug|Any CPU.Build.0 = Debug|Any CPU
		{8100FB98-B0F0-4A35-B7A6-806330E4D192}.Release|Any CPU.ActiveCfg = Release|Any CPU
		{8100FB98-B0F0-4A35-B7A6-806330E4D192}.Release|Any CPU.Build.0 = Release|Any CPU
		{9BAA0A5E-2AE3-4186-A0F2-1F1C87BD9D10}.Debug|Any CPU.ActiveCfg = Debug|Any CPU
		{9BAA0A5E-2AE3-4186-A0F2-1F1C87BD9D10}.Debug|Any CPU.Build.0 = Debug|Any CPU
		{9BAA0A5E-2AE3-4186-A0F2-1F1C87BD9D10}.Release|Any CPU.ActiveCfg = Release|Any CPU
		{9BAA0A5E-2AE3-4186-A0F2-1F1C87BD9D10}.Release|Any CPU.Build.0 = Release|Any CPU
	EndGlobalSection
	GlobalSection(SolutionProperties) = preSolution
		HideSolutionNode = FALSE
	EndGlobalSection
	GlobalSection(ExtensibilityGlobals) = postSolution
		SolutionGuid = {086FD825-2B6E-4FD4-BEE6-B461ECB5F1BF}
	EndGlobalSection
EndGlobal
